
Microsoft Visual Studio Solution File, Format Version 12.00
# Visual Studio Version 17
VisualStudioVersion = 17.1.32328.378
MinimumVisualStudioVersion = 10.0.40219.1
Project("{FAE04EC0-301F-11D3-BF4B-00C04F79EFBC}") = "OnlineRocketShop", "OnlineRocketShop\OnlineRocketShop.csproj", "{8F91063E-01B1-403F-890B-4A659D250F6D}"
EndProject
Global
	GlobalSection(SolutionConfigurationPlatforms) = preSolution
		Debug|Any CPU = Debug|Any CPU
		Release|Any CPU = Release|Any CPU
	EndGlobalSection
	GlobalSection(ProjectConfigurationPlatforms) = postSolution
		{8F91063E-01B1-403F-890B-4A659D250F6D}.Debug|Any CPU.ActiveCfg = Debug|Any CPU
		{8F91063E-01B1-403F-890B-4A659D250F6D}.Debug|Any CPU.Build.0 = Debug|Any CPU
		{8F91063E-01B1-403F-890B-4A659D250F6D}.Release|Any CPU.ActiveCfg = Release|Any CPU
		{8F91063E-01B1-403F-890B-4A659D250F6D}.Release|Any CPU.Build.0 = Release|Any CPU
	EndGlobalSection
	GlobalSection(SolutionProperties) = preSolution
		HideSolutionNode = FALSE
	EndGlobalSection
	GlobalSection(ExtensibilityGlobals) = postSolution
		SolutionGuid = {D772484C-F669-41A1-BA73-558376C06F23}
	EndGlobalSection
EndGlobal
